{
  "version": 2,
  "packages": {
    "chroma": {
      "version": "0.2.7",
      "vcsRevision": "b2e71179174e040884ebf6a16cbac711c84620b9",
      "url": "https://github.com/treeform/chroma",
      "downloadMethod": "git",
      "dependencies": [],
      "checksums": {
        "sha1": "f873f4b97e87a82e27e0b85bf9130fe3e320a2b8"
      }
    },
    "colored_logger": {
      "version": "0.1.0",
      "vcsRevision": "d9ee0328d5cec8fd216d3ce8676cebf1976e9272",
      "url": "https://github.com/4zv4l/colored_logger",
      "downloadMethod": "git",
      "dependencies": [],
      "checksums": {
        "sha1": "13864bdb6503a627040045cc48f46973b8dabf32"
      }
    },
    "libcurl": {
      "version": "1.0.0",
      "vcsRevision": "23f3d90e60d7a233b5eb27fb13e57fd198c73697",
      "url": "https://github.com/Araq/libcurl",
      "downloadMethod": "git",
      "dependencies": [],
      "checksums": {
        "sha1": "177d7007155096f9091126f81e7dda0032bffe9d"
      }
    },
    "zippy": {
      "version": "0.10.16",
      "vcsRevision": "a99f6a7d8a8e3e0213b3cad0daf0ea974bf58e3f",
      "url": "https://github.com/guzba/zippy",
      "downloadMethod": "git",
      "dependencies": [],
      "checksums": {
        "sha1": "da3bb5ea388f980babcc29760348e2899d29a639"
      }
    },
    "webby": {
      "version": "0.2.1",
      "vcsRevision": "325d6ade0970562bee7d7d53961a2c3287f0c4bc",
      "url": "https://github.com/treeform/webby/",
      "downloadMethod": "git",
      "dependencies": [],
      "checksums": {
        "sha1": "1d9978ac16fdb56fad2ee9eaa0fcbb7860229d39"
      }
    },
    "curly": {
      "version": "1.1.1",
      "vcsRevision": "a0f42baacbc48f4e5924b18854c0df9dcc251466",
      "url": "https://github.com/guzba/curly",
      "downloadMethod": "git",
      "dependencies": [
        "libcurl",
        "zippy",
        "webby"
      ],
      "checksums": {
        "sha1": "d370435eee5c11c74ea0123f704c1a465b787f6f"
      }
    },
    "results": {
      "version": "0.5.1",
      "vcsRevision": "df8113dda4c2d74d460a8fa98252b0b771bf1f27",
      "url": "https://github.com/arnetheduck/nim-results",
      "downloadMethod": "git",
      "dependencies": [],
      "checksums": {
        "sha1": "a9c011f74bc9ed5c91103917b9f382b12e82a9e7"
      }
    },
    "unittest2": {
      "version": "0.2.3",
      "vcsRevision": "845b6af28b9f68f02d320e03ad18eccccea7ddb9",
      "url": "https://github.com/status-im/nim-unittest2",
      "downloadMethod": "git",
      "dependencies": [],
      "checksums": {
        "sha1": "6936b4e4676c9b37537d93f31cb8fc46f4ebaacb"
      }
    },
    "stew": {
      "version": "0.2.0",
      "vcsRevision": "79e4fa5a9d3374db17ed63622714d3e1094c7f34",
      "url": "https://github.com/status-im/nim-stew",
      "downloadMethod": "git",
      "dependencies": [
        "results",
        "unittest2"
      ],
      "checksums": {
        "sha1": "26d477c735913b7daa1dab53dd74803c88209634"
      }
    },
    "faststreams": {
      "version": "0.3.0",
      "vcsRevision": "2b08c774afaafd600cf4c6f994cf78b8aa090c0c",
      "url": "https://github.com/status-im/nim-faststreams",
      "downloadMethod": "git",
      "dependencies": [
        "stew",
        "unittest2"
      ],
      "checksums": {
        "sha1": "ec2d92793e7d1bd0c30ab29c0d20548a054cfa8e"
      }
    },
    "flatty": {
      "version": "0.3.4",
      "vcsRevision": "07f6ba8ab96238e5bd1264cf0cea1d1746abb00c",
      "url": "https://github.com/treeform/flatty",
      "downloadMethod": "git",
      "dependencies": [],
      "checksums": {
        "sha1": "5775e6ea6ca339efc5bd37b082b8294342d49dc5"
      }
    },
    "jsony": {
      "version": "1.1.5",
      "vcsRevision": "ea811bec7fa50f5abd3088ba94cda74285e93f18",
      "url": "https://github.com/treeform/jsony",
      "downloadMethod": "git",
      "dependencies": [],
      "checksums": {
        "sha1": "6aeb83e7481ca8686396a568096054bc668294df"
      }
    },
    "nanovg": {
      "version": "0.4.0",
      "vcsRevision": "44dc097236de00c09ffed13d4e4aeaff1473870e",
      "url": "https://github.com/johnnovak/nim-nanovg",
      "downloadMethod": "git",
      "dependencies": [],
      "checksums": {
        "sha1": "08ff8efaeb1e09af20b11cab53ef9eb8282fc122"
      }
    },
    "netty": {
      "version": "0.2.1",
      "vcsRevision": "7b4266458b7435349b28a4468e0af58f1674b198",
      "url": "https://github.com/treeform/netty/",
      "downloadMethod": "git",
      "dependencies": [
        "flatty"
      ],
      "checksums": {
        "sha1": "c7271855fd2d9f81a55f6705d8d0c2efdc055b41"
      }
    },
    "nimgl": {
      "version": "1.3.2",
      "vcsRevision": "309d6ed8164ad184ed5bbb171c9f3d9d1c11ff81",
      "url": "https://github.com/nimgl/nimgl",
      "downloadMethod": "git",
      "dependencies": [],
      "checksums": {
        "sha1": "9d94ff205d72321e896dd6130403510e9a1c8a5d"
      }
    },
    "x11": {
      "version": "1.2",
      "vcsRevision": "29aca5e519ebf5d833f63a6a2769e62ec7bfb83a",
      "url": "https://github.com/nim-lang/x11",
      "downloadMethod": "git",
      "dependencies": [],
      "checksums": {
        "sha1": "6db9aa495a228e9e68faa80acf301f60accd8e5a"
      }
    },
    "opengl": {
      "version": "1.2.9",
      "vcsRevision": "8e2e098f82dc5eefd874488c37b5830233cd18f4",
      "url": "https://github.com/nim-lang/opengl",
      "downloadMethod": "git",
      "dependencies": [
        "x11"
      ],
      "checksums": {
        "sha1": "87ece9f3a9f99d17332b50885e15a4dcb18c51b5"
      }
    },
    "owlkettle": {
      "version": "3.0.0",
      "vcsRevision": "861092dc931e754650a735af590fbc34becc3942",
      "url": "https://github.com/can-lehmann/owlkettle",
      "downloadMethod": "git",
      "dependencies": [],
      "checksums": {
        "sha1": "2319432a190a50ade29f85b1451099b08e71ab38"
      }
    },
    "pretty": {
      "version": "0.2.0",
      "vcsRevision": "9e770046c5cdf23d395d6b21c4657345481b1c76",
      "url": "https://github.com/treeform/pretty",
      "downloadMethod": "git",
      "dependencies": [],
      "checksums": {
        "sha1": "9929e14b867e54ae38ddb6ae27ab32fafae4be59"
      }
    },
    "semver": {
      "version": "1.2.3",
      "vcsRevision": "ec7732a4810441a937fe3059494ba338090c4957",
      "url": "https://github.com/euantorano/semver.nim",
      "downloadMethod": "git",
      "dependencies": [],
      "checksums": {
        "sha1": "80cf9ba57c55dd1c60bbe8e5ac1a939d7cbb212d"
      }
    },
    "serialization": {
      "version": "0.2.6",
      "vcsRevision": "2086c99608b4bf472e1ef5fe063710f280243396",
      "url": "https://github.com/status-im/nim-serialization",
      "downloadMethod": "git",
      "dependencies": [
        "faststreams",
        "unittest2",
        "stew"
      ],
      "checksums": {
        "sha1": "26deca68e1a027be90e2bf2856e25aa819101d1e"
      }
    },
    "vmath": {
      "version": "2.0.0",
      "vcsRevision": "7282ae1247f2f384ebeaec3826d7fa38fd0e1df1",
      "url": "https://github.com/treeform/vmath",
      "downloadMethod": "git",
      "dependencies": [],
      "checksums": {
        "sha1": "c90a664f3425d26219e1262ed9a888b859b3127c"
      }
    },
    "siwin": {
      "version": "0.9.1",
      "vcsRevision": "9ce9aa3efa84f55bbf3d29ef0517b2411d08a357",
      "url": "https://github.com/levovix0/siwin",
      "downloadMethod": "git",
      "dependencies": [
        "chroma",
        "vmath",
        "x11"
      ],
      "checksums": {
        "sha1": "8d1f4fff1ffdfce2b5a3c35b1627afd100bfd692"
      }
    },
    "toml_serialization": {
      "version": "0.2.14",
      "vcsRevision": "fea85b27f0badcf617033ca1bc05444b5fd8aa7a",
      "url": "https://github.com/status-im/nim-toml-serialization",
      "downloadMethod": "git",
      "dependencies": [
        "serialization",
        "stew"
      ],
      "checksums": {
        "sha1": "5a6d4aceaecb2797e4a95c62197788a39d537775"
      }
    }
  },
  "tasks": {}
}
